// !$*UTF8*$!
{
	archiveVersion = 1;
	classes = {
	};
	objectVersion = 50;
	objects = {

/* Begin PBXBuildFile section */
		1285BD894CE91A9DC0C18F24 /* libPods-TPWACTrialB.a in Frameworks */ = {isa = PBXBuildFile; fileRef = 6DFAC36860427BA573877195 /* libPods-TPWACTrialB.a */; };
		583C86AD23FAEA93002C4C0B /* Podfile in Resources */ = {isa = PBXBuildFile; fileRef = 583C86AC23FAEA93002C4C0B /* Podfile */; };
		585CEDC023FC653700C454CF /* GoogleService-Info.plist in Resources */ = {isa = PBXBuildFile; fileRef = 585CEDBF23FC653700C454CF /* GoogleService-Info.plist */; };
		585CEDC223FC657B00C454CF /* Activity.swift in Sources */ = {isa = PBXBuildFile; fileRef = 585CEDC123FC657B00C454CF /* Activity.swift */; };
		ED32264D23F735CE00A799E7 /* ViewControllerCreateActivity.swift in Sources */ = {isa = PBXBuildFile; fileRef = ED32264C23F735CE00A799E7 /* ViewControllerCreateActivity.swift */; };
		ED32264F23F7363D00A799E7 /* ViewControllerEditRemove.swift in Sources */ = {isa = PBXBuildFile; fileRef = ED32264E23F7363D00A799E7 /* ViewControllerEditRemove.swift */; };
		ED32265123F7366E00A799E7 /* ViewControllerCheckIn.swift in Sources */ = {isa = PBXBuildFile; fileRef = ED32265023F7366E00A799E7 /* ViewControllerCheckIn.swift */; };
		ED5796F223F4AD2B00C4301D /* AppDelegate.swift in Sources */ = {isa = PBXBuildFile; fileRef = ED5796F123F4AD2B00C4301D /* AppDelegate.swift */; };
		ED5796F423F4AD2B00C4301D /* SceneDelegate.swift in Sources */ = {isa = PBXBuildFile; fileRef = ED5796F323F4AD2B00C4301D /* SceneDelegate.swift */; };
		ED5796F623F4AD2B00C4301D /* ViewController.swift in Sources */ = {isa = PBXBuildFile; fileRef = ED5796F523F4AD2B00C4301D /* ViewController.swift */; };
		ED5796F923F4AD2B00C4301D /* Main.storyboard in Resources */ = {isa = PBXBuildFile; fileRef = ED5796F723F4AD2B00C4301D /* Main.storyboard */; };
		ED5796FB23F4AD2C00C4301D /* Assets.xcassets in Resources */ = {isa = PBXBuildFile; fileRef = ED5796FA23F4AD2C00C4301D /* Assets.xcassets */; };
		ED5796FE23F4AD2C00C4301D /* LaunchScreen.storyboard in Resources */ = {isa = PBXBuildFile; fileRef = ED5796FC23F4AD2C00C4301D /* LaunchScreen.storyboard */; };
		ED57970923F4AD2D00C4301D /* TPWACTrialBTests.swift in Sources */ = {isa = PBXBuildFile; fileRef = ED57970823F4AD2D00C4301D /* TPWACTrialBTests.swift */; };
		ED57971423F4AD2D00C4301D /* TPWACTrialBUITests.swift in Sources */ = {isa = PBXBuildFile; fileRef = ED57971323F4AD2D00C4301D /* TPWACTrialBUITests.swift */; };
		ED78DC1B23F6EDD300F6B648 /* ViewControllerHome.swift in Sources */ = {isa = PBXBuildFile; fileRef = ED78DC1A23F6EDD300F6B648 /* ViewControllerHome.swift */; };
		EDBC092723F71BAF007DD85A /* ViewControllerAvailibleAndSignUp.swift in Sources */ = {isa = PBXBuildFile; fileRef = EDBC092623F71BAF007DD85A /* ViewControllerAvailibleAndSignUp.swift */; };
		EDBC092923F71BFA007DD85A /* ViewControllerStudents.swift in Sources */ = {isa = PBXBuildFile; fileRef = EDBC092823F71BFA007DD85A /* ViewControllerStudents.swift */; };
/* End PBXBuildFile section */

/* Begin PBXContainerItemProxy section */
		ED57970523F4AD2D00C4301D /* PBXContainerItemProxy */ = {
			isa = PBXContainerItemProxy;
			containerPortal = ED5796E623F4AD2B00C4301D /* Project object */;
			proxyType = 1;
			remoteGlobalIDString = ED5796ED23F4AD2B00C4301D;
			remoteInfo = TPWACTrialB;
		};
		ED57971023F4AD2D00C4301D /* PBXContainerItemProxy */ = {
			isa = PBXContainerItemProxy;
			containerPortal = ED5796E623F4AD2B00C4301D /* Project object */;
			proxyType = 1;
			remoteGlobalIDString = ED5796ED23F4AD2B00C4301D;
			remoteInfo = TPWACTrialB;
		};
/* End PBXContainerItemProxy section */

/* Begin PBXFileReference section */
		53E1852C011440D05DE2A8D6 /* Pods-TPWACTrialB.release.xcconfig */ = {isa = PBXFileReference; includeInIndex = 1; lastKnownFileType = text.xcconfig; name = "Pods-TPWACTrialB.release.xcconfig"; path = "Pods/Target Support Files/Pods-TPWACTrialB/Pods-TPWACTrialB.release.xcconfig"; sourceTree = "<group>"; };
		583C86AC23FAEA93002C4C0B /* Podfile */ = {isa = PBXFileReference; lastKnownFileType = text; path = Podfile; sourceTree = "<group>"; xcLanguageSpecificationIdentifier = xcode.lang.ruby; };
		585CEDBF23FC653700C454CF /* GoogleService-Info.plist */ = {isa = PBXFileReference; fileEncoding = 4; lastKnownFileType = text.plist.xml; path = "GoogleService-Info.plist"; sourceTree = "<group>"; };
		585CEDC123FC657B00C454CF /* Activity.swift */ = {isa = PBXFileReference; fileEncoding = 4; lastKnownFileType = sourcecode.swift; path = Activity.swift; sourceTree = "<group>"; };
		6DFAC36860427BA573877195 /* libPods-TPWACTrialB.a */ = {isa = PBXFileReference; explicitFileType = archive.ar; includeInIndex = 0; path = "libPods-TPWACTrialB.a"; sourceTree = BUILT_PRODUCTS_DIR; };
		ED32264C23F735CE00A799E7 /* ViewControllerCreateActivity.swift */ = {isa = PBXFileReference; lastKnownFileType = sourcecode.swift; path = ViewControllerCreateActivity.swift; sourceTree = "<group>"; };
		ED32264E23F7363D00A799E7 /* ViewControllerEditRemove.swift */ = {isa = PBXFileReference; lastKnownFileType = sourcecode.swift; path = ViewControllerEditRemove.swift; sourceTree = "<group>"; };
		ED32265023F7366E00A799E7 /* ViewControllerCheckIn.swift */ = {isa = PBXFileReference; lastKnownFileType = sourcecode.swift; path = ViewControllerCheckIn.swift; sourceTree = "<group>"; };
		ED5796EE23F4AD2B00C4301D /* TPWACTrialB.app */ = {isa = PBXFileReference; explicitFileType = wrapper.application; includeInIndex = 0; path = TPWACTrialB.app; sourceTree = BUILT_PRODUCTS_DIR; };
		ED5796F123F4AD2B00C4301D /* AppDelegate.swift */ = {isa = PBXFileReference; lastKnownFileType = sourcecode.swift; path = AppDelegate.swift; sourceTree = "<group>"; };
		ED5796F323F4AD2B00C4301D /* SceneDelegate.swift */ = {isa = PBXFileReference; lastKnownFileType = sourcecode.swift; path = SceneDelegate.swift; sourceTree = "<group>"; };
		ED5796F523F4AD2B00C4301D /* ViewController.swift */ = {isa = PBXFileReference; lastKnownFileType = sourcecode.swift; path = ViewController.swift; sourceTree = "<group>"; };
		ED5796F823F4AD2B00C4301D /* Base */ = {isa = PBXFileReference; lastKnownFileType = file.storyboard; name = Base; path = Base.lproj/Main.storyboard; sourceTree = "<group>"; };
		ED5796FA23F4AD2C00C4301D /* Assets.xcassets */ = {isa = PBXFileReference; lastKnownFileType = folder.assetcatalog; path = Assets.xcassets; sourceTree = "<group>"; };
		ED5796FD23F4AD2C00C4301D /* Base */ = {isa = PBXFileReference; lastKnownFileType = file.storyboard; name = Base; path = Base.lproj/LaunchScreen.storyboard; sourceTree = "<group>"; };
		ED5796FF23F4AD2C00C4301D /* Info.plist */ = {isa = PBXFileReference; lastKnownFileType = text.plist.xml; path = Info.plist; sourceTree = "<group>"; };
		ED57970423F4AD2D00C4301D /* TPWACTrialBTests.xctest */ = {isa = PBXFileReference; explicitFileType = wrapper.cfbundle; includeInIndex = 0; path = TPWACTrialBTests.xctest; sourceTree = BUILT_PRODUCTS_DIR; };
		ED57970823F4AD2D00C4301D /* TPWACTrialBTests.swift */ = {isa = PBXFileReference; lastKnownFileType = sourcecode.swift; path = TPWACTrialBTests.swift; sourceTree = "<group>"; };
		ED57970A23F4AD2D00C4301D /* Info.plist */ = {isa = PBXFileReference; lastKnownFileType = text.plist.xml; path = Info.plist; sourceTree = "<group>"; };
		ED57970F23F4AD2D00C4301D /* TPWACTrialBUITests.xctest */ = {isa = PBXFileReference; explicitFileType = wrapper.cfbundle; includeInIndex = 0; path = TPWACTrialBUITests.xctest; sourceTree = BUILT_PRODUCTS_DIR; };
		ED57971323F4AD2D00C4301D /* TPWACTrialBUITests.swift */ = {isa = PBXFileReference; lastKnownFileType = sourcecode.swift; path = TPWACTrialBUITests.swift; sourceTree = "<group>"; };
		ED57971523F4AD2D00C4301D /* Info.plist */ = {isa = PBXFileReference; lastKnownFileType = text.plist.xml; path = Info.plist; sourceTree = "<group>"; };
		ED78DC1A23F6EDD300F6B648 /* ViewControllerHome.swift */ = {isa = PBXFileReference; lastKnownFileType = sourcecode.swift; path = ViewControllerHome.swift; sourceTree = "<group>"; };
		EDBC092623F71BAF007DD85A /* ViewControllerAvailibleAndSignUp.swift */ = {isa = PBXFileReference; lastKnownFileType = sourcecode.swift; path = ViewControllerAvailibleAndSignUp.swift; sourceTree = "<group>"; };
		EDBC092823F71BFA007DD85A /* ViewControllerStudents.swift */ = {isa = PBXFileReference; lastKnownFileType = sourcecode.swift; path = ViewControllerStudents.swift; sourceTree = "<group>"; };
		F62993BD3ECCED1D8B894961 /* Pods-TPWACTrialB.debug.xcconfig */ = {isa = PBXFileReference; includeInIndex = 1; lastKnownFileType = text.xcconfig; name = "Pods-TPWACTrialB.debug.xcconfig"; path = "Pods/Target Support Files/Pods-TPWACTrialB/Pods-TPWACTrialB.debug.xcconfig"; sourceTree = "<group>"; };
/* End PBXFileReference section */

/* Begin PBXFrameworksBuildPhase section */
		ED5796EB23F4AD2B00C4301D /* Frameworks */ = {
			isa = PBXFrameworksBuildPhase;
			buildActionMask = 2147483647;
			files = (
				1285BD894CE91A9DC0C18F24 /* libPods-TPWACTrialB.a in Frameworks */,
			);
			runOnlyForDeploymentPostprocessing = 0;
		};
		ED57970123F4AD2D00C4301D /* Frameworks */ = {
			isa = PBXFrameworksBuildPhase;
			buildActionMask = 2147483647;
			files = (
			);
			runOnlyForDeploymentPostprocessing = 0;
		};
		ED57970C23F4AD2D00C4301D /* Frameworks */ = {
			isa = PBXFrameworksBuildPhase;
			buildActionMask = 2147483647;
			files = (
			);
			runOnlyForDeploymentPostprocessing = 0;
		};
/* End PBXFrameworksBuildPhase section */

/* Begin PBXGroup section */
		ED5796E523F4AD2B00C4301D = {
			isa = PBXGroup;
			children = (
				583C86AC23FAEA93002C4C0B /* Podfile */,
				ED5796F023F4AD2B00C4301D /* TPWACTrialB */,
				ED57970723F4AD2D00C4301D /* TPWACTrialBTests */,
				ED57971223F4AD2D00C4301D /* TPWACTrialBUITests */,
				ED5796EF23F4AD2B00C4301D /* Products */,
				F0631D22F10A66A23A92B0DF /* Pods */,
				F716505DF2D493612CF83E33 /* Frameworks */,
			);
			sourceTree = "<group>";
		};
		ED5796EF23F4AD2B00C4301D /* Products */ = {
			isa = PBXGroup;
			children = (
				ED5796EE23F4AD2B00C4301D /* TPWACTrialB.app */,
				ED57970423F4AD2D00C4301D /* TPWACTrialBTests.xctest */,
				ED57970F23F4AD2D00C4301D /* TPWACTrialBUITests.xctest */,
			);
			name = Products;
			sourceTree = "<group>";
		};
		ED5796F023F4AD2B00C4301D /* TPWACTrialB */ = {
			isa = PBXGroup;
			children = (
				585CEDC123FC657B00C454CF /* Activity.swift */,
				585CEDBF23FC653700C454CF /* GoogleService-Info.plist */,
				ED5796F123F4AD2B00C4301D /* AppDelegate.swift */,
				ED5796F323F4AD2B00C4301D /* SceneDelegate.swift */,
				ED5796F523F4AD2B00C4301D /* ViewController.swift */,
				ED5796F723F4AD2B00C4301D /* Main.storyboard */,
				ED32265023F7366E00A799E7 /* ViewControllerCheckIn.swift */,
				ED32264E23F7363D00A799E7 /* ViewControllerEditRemove.swift */,
				ED32264C23F735CE00A799E7 /* ViewControllerCreateActivity.swift */,
				EDBC092823F71BFA007DD85A /* ViewControllerStudents.swift */,
				EDBC092623F71BAF007DD85A /* ViewControllerAvailibleAndSignUp.swift */,
				ED78DC1A23F6EDD300F6B648 /* ViewControllerHome.swift */,
				ED5796FA23F4AD2C00C4301D /* Assets.xcassets */,
				ED5796FC23F4AD2C00C4301D /* LaunchScreen.storyboard */,
				ED5796FF23F4AD2C00C4301D /* Info.plist */,
			);
			path = TPWACTrialB;
			sourceTree = "<group>";
		};
		ED57970723F4AD2D00C4301D /* TPWACTrialBTests */ = {
			isa = PBXGroup;
			children = (
				ED57970823F4AD2D00C4301D /* TPWACTrialBTests.swift */,
				ED57970A23F4AD2D00C4301D /* Info.plist */,
			);
			path = TPWACTrialBTests;
			sourceTree = "<group>";
		};
		ED57971223F4AD2D00C4301D /* TPWACTrialBUITests */ = {
			isa = PBXGroup;
			children = (
				ED57971323F4AD2D00C4301D /* TPWACTrialBUITests.swift */,
				ED57971523F4AD2D00C4301D /* Info.plist */,
			);
			path = TPWACTrialBUITests;
			sourceTree = "<group>";
		};
		F0631D22F10A66A23A92B0DF /* Pods */ = {
			isa = PBXGroup;
			children = (
				F62993BD3ECCED1D8B894961 /* Pods-TPWACTrialB.debug.xcconfig */,
				53E1852C011440D05DE2A8D6 /* Pods-TPWACTrialB.release.xcconfig */,
			);
			name = Pods;
			sourceTree = "<group>";
		};
		F716505DF2D493612CF83E33 /* Frameworks */ = {
			isa = PBXGroup;
			children = (
				6DFAC36860427BA573877195 /* libPods-TPWACTrialB.a */,
			);
			name = Frameworks;
			sourceTree = "<group>";
		};
/* End PBXGroup section */

/* Begin PBXNativeTarget section */
		ED5796ED23F4AD2B00C4301D /* TPWACTrialB */ = {
			isa = PBXNativeTarget;
			buildConfigurationList = ED57971823F4AD2D00C4301D /* Build configuration list for PBXNativeTarget "TPWACTrialB" */;
			buildPhases = (
				B9156E167D743776F83DC015 /* [CP] Check Pods Manifest.lock */,
				ED5796EA23F4AD2B00C4301D /* Sources */,
				ED5796EB23F4AD2B00C4301D /* Frameworks */,
				ED5796EC23F4AD2B00C4301D /* Resources */,
				DDB9ECFFB2C89796CFC55D59 /* [CP] Copy Pods Resources */,
			);
			buildRules = (
			);
			dependencies = (
			);
			name = TPWACTrialB;
			productName = TPWACTrialB;
			productReference = ED5796EE23F4AD2B00C4301D /* TPWACTrialB.app */;
			productType = "com.apple.product-type.application";
		};
		ED57970323F4AD2D00C4301D /* TPWACTrialBTests */ = {
			isa = PBXNativeTarget;
			buildConfigurationList = ED57971B23F4AD2D00C4301D /* Build configuration list for PBXNativeTarget "TPWACTrialBTests" */;
			buildPhases = (
				ED57970023F4AD2D00C4301D /* Sources */,
				ED57970123F4AD2D00C4301D /* Frameworks */,
				ED57970223F4AD2D00C4301D /* Resources */,
			);
			buildRules = (
			);
			dependencies = (
				ED57970623F4AD2D00C4301D /* PBXTargetDependency */,
			);
			name = TPWACTrialBTests;
			productName = TPWACTrialBTests;
			productReference = ED57970423F4AD2D00C4301D /* TPWACTrialBTests.xctest */;
			productType = "com.apple.product-type.bundle.unit-test";
		};
		ED57970E23F4AD2D00C4301D /* TPWACTrialBUITests */ = {
			isa = PBXNativeTarget;
			buildConfigurationList = ED57971E23F4AD2D00C4301D /* Build configuration list for PBXNativeTarget "TPWACTrialBUITests" */;
			buildPhases = (
				ED57970B23F4AD2D00C4301D /* Sources */,
				ED57970C23F4AD2D00C4301D /* Frameworks */,
				ED57970D23F4AD2D00C4301D /* Resources */,
			);
			buildRules = (
			);
			dependencies = (
				ED57971123F4AD2D00C4301D /* PBXTargetDependency */,
			);
			name = TPWACTrialBUITests;
			productName = TPWACTrialBUITests;
			productReference = ED57970F23F4AD2D00C4301D /* TPWACTrialBUITests.xctest */;
			productType = "com.apple.product-type.bundle.ui-testing";
		};
/* End PBXNativeTarget section */

/* Begin PBXProject section */
		ED5796E623F4AD2B00C4301D /* Project object */ = {
			isa = PBXProject;
			attributes = {
				LastSwiftUpdateCheck = 1130;
				LastUpgradeCheck = 1130;
				ORGANIZATIONNAME = "Trinity Pawling";
				TargetAttributes = {
					ED5796ED23F4AD2B00C4301D = {
						CreatedOnToolsVersion = 11.3;
					};
					ED57970323F4AD2D00C4301D = {
						CreatedOnToolsVersion = 11.3;
						TestTargetID = ED5796ED23F4AD2B00C4301D;
					};
					ED57970E23F4AD2D00C4301D = {
						CreatedOnToolsVersion = 11.3;
						TestTargetID = ED5796ED23F4AD2B00C4301D;
					};
				};
			};
			buildConfigurationList = ED5796E923F4AD2B00C4301D /* Build configuration list for PBXProject "TPWACTrialB" */;
			compatibilityVersion = "Xcode 9.3";
			developmentRegion = en;
			hasScannedForEncodings = 0;
			knownRegions = (
				en,
				Base,
			);
			mainGroup = ED5796E523F4AD2B00C4301D;
			productRefGroup = ED5796EF23F4AD2B00C4301D /* Products */;
			projectDirPath = "";
			projectRoot = "";
			targets = (
				ED5796ED23F4AD2B00C4301D /* TPWACTrialB */,
				ED57970323F4AD2D00C4301D /* TPWACTrialBTests */,
				ED57970E23F4AD2D00C4301D /* TPWACTrialBUITests */,
			);
		};
/* End PBXProject section */

/* Begin PBXResourcesBuildPhase section */
		ED5796EC23F4AD2B00C4301D /* Resources */ = {
			isa = PBXResourcesBuildPhase;
			buildActionMask = 2147483647;
			files = (
				583C86AD23FAEA93002C4C0B /* Podfile in Resources */,
				ED5796FE23F4AD2C00C4301D /* LaunchScreen.storyboard in Resources */,
				ED5796FB23F4AD2C00C4301D /* Assets.xcassets in Resources */,
				ED5796F923F4AD2B00C4301D /* Main.storyboard in Resources */,
				585CEDC023FC653700C454CF /* GoogleService-Info.plist in Resources */,
			);
			runOnlyForDeploymentPostprocessing = 0;
		};
		ED57970223F4AD2D00C4301D /* Resources */ = {
			isa = PBXResourcesBuildPhase;
			buildActionMask = 2147483647;
			files = (
			);
			runOnlyForDeploymentPostprocessing = 0;
		};
		ED57970D23F4AD2D00C4301D /* Resources */ = {
			isa = PBXResourcesBuildPhase;
			buildActionMask = 2147483647;
			files = (
			);
			runOnlyForDeploymentPostprocessing = 0;
		};
/* End PBXResourcesBuildPhase section */

/* Begin PBXShellScriptBuildPhase section */
		B9156E167D743776F83DC015 /* [CP] Check Pods Manifest.lock */ = {
			isa = PBXShellScriptBuildPhase;
			buildActionMask = 2147483647;
			files = (
			);
			inputPaths = (
				"${PODS_PODFILE_DIR_PATH}/Podfile.lock",
				"${PODS_ROOT}/Manifest.lock",
			);
			name = "[CP] Check Pods Manifest.lock";
			outputPaths = (
				"$(DERIVED_FILE_DIR)/Pods-TPWACTrialB-checkManifestLockResult.txt",
			);
			runOnlyForDeploymentPostprocessing = 0;
			shellPath = /bin/sh;
			shellScript = "diff \"${PODS_PODFILE_DIR_PATH}/Podfile.lock\" \"${PODS_ROOT}/Manifest.lock\" > /dev/null\nif [ $? != 0 ] ; then\n    # print error to STDERR\n    echo \"error: The sandbox is not in sync with the Podfile.lock. Run 'pod install' or update your CocoaPods installation.\" >&2\n    exit 1\nfi\n# This output is used by Xcode 'outputs' to avoid re-running this script phase.\necho \"SUCCESS\" > \"${SCRIPT_OUTPUT_FILE_0}\"\n";
			showEnvVarsInLog = 0;
		};
		DDB9ECFFB2C89796CFC55D59 /* [CP] Copy Pods Resources */ = {
			isa = PBXShellScriptBuildPhase;
			buildActionMask = 2147483647;
			files = (
			);
			inputPaths = (
				"${SRCROOT}/Pods/Target Support Files/Pods-TPWACTrialB/Pods-TPWACTrialB-resources.sh",
				"${PODS_ROOT}/GoogleSignIn/Resources/GoogleSignIn.bundle",
			);
			name = "[CP] Copy Pods Resources";
			outputPaths = (
				"${TARGET_BUILD_DIR}/${UNLOCALIZED_RESOURCES_FOLDER_PATH}/GoogleSignIn.bundle",
			);
			runOnlyForDeploymentPostprocessing = 0;
			shellPath = /bin/sh;
			shellScript = "\"${SRCROOT}/Pods/Target Support Files/Pods-TPWACTrialB/Pods-TPWACTrialB-resources.sh\"\n";
			showEnvVarsInLog = 0;
		};
/* End PBXShellScriptBuildPhase section */

/* Begin PBXSourcesBuildPhase section */
		ED5796EA23F4AD2B00C4301D /* Sources */ = {
			isa = PBXSourcesBuildPhase;
			buildActionMask = 2147483647;
			files = (
				585CEDC223FC657B00C454CF /* Activity.swift in Sources */,
				ED32264D23F735CE00A799E7 /* ViewControllerCreateActivity.swift in Sources */,
				EDBC092923F71BFA007DD85A /* ViewControllerStudents.swift in Sources */,
				ED5796F623F4AD2B00C4301D /* ViewController.swift in Sources */,
				ED32265123F7366E00A799E7 /* ViewControllerCheckIn.swift in Sources */,
				EDBC092723F71BAF007DD85A /* ViewControllerAvailibleAndSignUp.swift in Sources */,
				ED32264F23F7363D00A799E7 /* ViewControllerEditRemove.swift in Sources */,
				ED5796F223F4AD2B00C4301D /* AppDelegate.swift in Sources */,
				ED5796F423F4AD2B00C4301D /* SceneDelegate.swift in Sources */,
				ED78DC1B23F6EDD300F6B648 /* ViewControllerHome.swift in Sources */,
			);
			runOnlyForDeploymentPostprocessing = 0;
		};
		ED57970023F4AD2D00C4301D /* Sources */ = {
			isa = PBXSourcesBuildPhase;
			buildActionMask = 2147483647;
			files = (
				ED57970923F4AD2D00C4301D /* TPWACTrialBTests.swift in Sources */,
			);
			runOnlyForDeploymentPostprocessing = 0;
		};
		ED57970B23F4AD2D00C4301D /* Sources */ = {
			isa = PBXSourcesBuildPhase;
			buildActionMask = 2147483647;
			files = (
				ED57971423F4AD2D00C4301D /* TPWACTrialBUITests.swift in Sources */,
			);
			runOnlyForDeploymentPostprocessing = 0;
		};
/* End PBXSourcesBuildPhase section */

/* Begin PBXTargetDependency section */
		ED57970623F4AD2D00C4301D /* PBXTargetDependency */ = {
			isa = PBXTargetDependency;
			target = ED5796ED23F4AD2B00C4301D /* TPWACTrialB */;
			targetProxy = ED57970523F4AD2D00C4301D /* PBXContainerItemProxy */;
		};
		ED57971123F4AD2D00C4301D /* PBXTargetDependency */ = {
			isa = PBXTargetDependency;
			target = ED5796ED23F4AD2B00C4301D /* TPWACTrialB */;
			targetProxy = ED57971023F4AD2D00C4301D /* PBXContainerItemProxy */;
		};
/* End PBXTargetDependency section */

/* Begin PBXVariantGroup section */
		ED5796F723F4AD2B00C4301D /* Main.storyboard */ = {
			isa = PBXVariantGroup;
			children = (
				ED5796F823F4AD2B00C4301D /* Base */,
			);
			name = Main.storyboard;
			sourceTree = "<group>";
		};
		ED5796FC23F4AD2C00C4301D /* LaunchScreen.storyboard */ = {
			isa = PBXVariantGroup;
			children = (
				ED5796FD23F4AD2C00C4301D /* Base */,
			);
			name = LaunchScreen.storyboard;
			sourceTree = "<group>";
		};
/* End PBXVariantGroup section */

/* Begin XCBuildConfiguration section */
		ED57971623F4AD2D00C4301D /* Debug */ = {
			isa = XCBuildConfiguration;
			buildSettings = {
				ALWAYS_SEARCH_USER_PATHS = NO;
				CLANG_ANALYZER_NONNULL = YES;
				CLANG_ANALYZER_NUMBER_OBJECT_CONVERSION = YES_AGGRESSIVE;
				CLANG_CXX_LANGUAGE_STANDARD = "gnu++14";
				CLANG_CXX_LIBRARY = "libc++";
				CLANG_ENABLE_MODULES = YES;
				CLANG_ENABLE_OBJC_ARC = YES;
				CLANG_ENABLE_OBJC_WEAK = YES;
				CLANG_WARN_BLOCK_CAPTURE_AUTORELEASING = YES;
				CLANG_WARN_BOOL_CONVERSION = YES;
				CLANG_WARN_COMMA = YES;
				CLANG_WARN_CONSTANT_CONVERSION = YES;
				CLANG_WARN_DEPRECATED_OBJC_IMPLEMENTATIONS = YES;
				CLANG_WARN_DIRECT_OBJC_ISA_USAGE = YES_ERROR;
				CLANG_WARN_DOCUMENTATION_COMMENTS = YES;
				CLANG_WARN_EMPTY_BODY = YES;
				CLANG_WARN_ENUM_CONVERSION = YES;
				CLANG_WARN_INFINITE_RECURSION = YES;
				CLANG_WARN_INT_CONVERSION = YES;
				CLANG_WARN_NON_LITERAL_NULL_CONVERSION = YES;
				CLANG_WARN_OBJC_IMPLICIT_RETAIN_SELF = YES;
				CLANG_WARN_OBJC_LITERAL_CONVERSION = YES;
				CLANG_WARN_OBJC_ROOT_CLASS = YES_ERROR;
				CLANG_WARN_RANGE_LOOP_ANALYSIS = YES;
				CLANG_WARN_STRICT_PROTOTYPES = YES;
				CLANG_WARN_SUSPICIOUS_MOVE = YES;
				CLANG_WARN_UNGUARDED_AVAILABILITY = YES_AGGRESSIVE;
				CLANG_WARN_UNREACHABLE_CODE = YES;
				CLANG_WARN__DUPLICATE_METHOD_MATCH = YES;
				COPY_PHASE_STRIP = NO;
				DEBUG_INFORMATION_FORMAT = dwarf;
				ENABLE_STRICT_OBJC_MSGSEND = YES;
				ENABLE_TESTABILITY = YES;
				GCC_C_LANGUAGE_STANDARD = gnu11;
				GCC_DYNAMIC_NO_PIC = NO;
				GCC_NO_COMMON_BLOCKS = YES;
				GCC_OPTIMIZATION_LEVEL = 0;
				GCC_PREPROCESSOR_DEFINITIONS = (
					"DEBUG=1",
					"$(inherited)",
				);
				GCC_WARN_64_TO_32_BIT_CONVERSION = YES;
				GCC_WARN_ABOUT_RETURN_TYPE = YES_ERROR;
				GCC_WARN_UNDECLARED_SELECTOR = YES;
				GCC_WARN_UNINITIALIZED_AUTOS = YES_AGGRESSIVE;
				GCC_WARN_UNUSED_FUNCTION = YES;
				GCC_WARN_UNUSED_VARIABLE = YES;
				IPHONEOS_DEPLOYMENT_TARGET = 13.2;
				MTL_ENABLE_DEBUG_INFO = INCLUDE_SOURCE;
				MTL_FAST_MATH = YES;
				ONLY_ACTIVE_ARCH = YES;
				SDKROOT = iphoneos;
				SWIFT_ACTIVE_COMPILATION_CONDITIONS = DEBUG;
				SWIFT_OPTIMIZATION_LEVEL = "-Onone";
			};
			name = Debug;
		};
		ED57971723F4AD2D00C4301D /* Release */ = {
			isa = XCBuildConfiguration;
			buildSettings = {
				ALWAYS_SEARCH_USER_PATHS = NO;
				CLANG_ANALYZER_NONNULL = YES;
				CLANG_ANALYZER_NUMBER_OBJECT_CONVERSION = YES_AGGRESSIVE;
				CLANG_CXX_LANGUAGE_STANDARD = "gnu++14";
				CLANG_CXX_LIBRARY = "libc++";
				CLANG_ENABLE_MODULES = YES;
				CLANG_ENABLE_OBJC_ARC = YES;
				CLANG_ENABLE_OBJC_WEAK = YES;
				CLANG_WARN_BLOCK_CAPTURE_AUTORELEASING = YES;
				CLANG_WARN_BOOL_CONVERSION = YES;
				CLANG_WARN_COMMA = YES;
				CLANG_WARN_CONSTANT_CONVERSION = YES;
				CLANG_WARN_DEPRECATED_OBJC_IMPLEMENTATIONS = YES;
				CLANG_WARN_DIRECT_OBJC_ISA_USAGE = YES_ERROR;
				CLANG_WARN_DOCUMENTATION_COMMENTS = YES;
				CLANG_WARN_EMPTY_BODY = YES;
				CLANG_WARN_ENUM_CONVERSION = YES;
				CLANG_WARN_INFINITE_RECURSION = YES;
				CLANG_WARN_INT_CONVERSION = YES;
				CLANG_WARN_NON_LITERAL_NULL_CONVERSION = YES;
				CLANG_WARN_OBJC_IMPLICIT_RETAIN_SELF = YES;
				CLANG_WARN_OBJC_LITERAL_CONVERSION = YES;
				CLANG_WARN_OBJC_ROOT_CLASS = YES_ERROR;
				CLANG_WARN_RANGE_LOOP_ANALYSIS = YES;
				CLANG_WARN_STRICT_PROTOTYPES = YES;
				CLANG_WARN_SUSPICIOUS_MOVE = YES;
				CLANG_WARN_UNGUARDED_AVAILABILITY = YES_AGGRESSIVE;
				CLANG_WARN_UNREACHABLE_CODE = YES;
				CLANG_WARN__DUPLICATE_METHOD_MATCH = YES;
				COPY_PHASE_STRIP = NO;
				DEBUG_INFORMATION_FORMAT = "dwarf-with-dsym";
				ENABLE_NS_ASSERTIONS = NO;
				ENABLE_STRICT_OBJC_MSGSEND = YES;
				GCC_C_LANGUAGE_STANDARD = gnu11;
				GCC_NO_COMMON_BLOCKS = YES;
				GCC_WARN_64_TO_32_BIT_CONVERSION = YES;
				GCC_WARN_ABOUT_RETURN_TYPE = YES_ERROR;
				GCC_WARN_UNDECLARED_SELECTOR = YES;
				GCC_WARN_UNINITIALIZED_AUTOS = YES_AGGRESSIVE;
				GCC_WARN_UNUSED_FUNCTION = YES;
				GCC_WARN_UNUSED_VARIABLE = YES;
				IPHONEOS_DEPLOYMENT_TARGET = 13.2;
				MTL_ENABLE_DEBUG_INFO = NO;
				MTL_FAST_MATH = YES;
				SDKROOT = iphoneos;
				SWIFT_COMPILATION_MODE = wholemodule;
				SWIFT_OPTIMIZATION_LEVEL = "-O";
				VALIDATE_PRODUCT = YES;
			};
			name = Release;
		};
		ED57971923F4AD2D00C4301D /* Debug */ = {
			isa = XCBuildConfiguration;
			baseConfigurationReference = F62993BD3ECCED1D8B894961 /* Pods-TPWACTrialB.debug.xcconfig */;
			buildSettings = {
				ASSETCATALOG_COMPILER_APPICON_NAME = AppIcon;
				CODE_SIGN_STYLE = Automatic;
				INFOPLIST_FILE = TPWACTrialB/Info.plist;
				LD_RUNPATH_SEARCH_PATHS = (
					"$(inherited)",
					"@executable_path/Frameworks",
				);
				PRODUCT_BUNDLE_IDENTIFIER = com.trinitypawling.TPWACTrialB;
				PRODUCT_NAME = "$(TARGET_NAME)";
				SWIFT_VERSION = 5.0;
				TARGETED_DEVICE_FAMILY = "1,2";
			};
			name = Debug;
		};
		ED57971A23F4AD2D00C4301D /* Release */ = {
			isa = XCBuildConfiguration;
			baseConfigurationReference = 53E1852C011440D05DE2A8D6 /* Pods-TPWACTrialB.release.xcconfig */;
			buildSettings = {
				ASSETCATALOG_COMPILER_APPICON_NAME = AppIcon;
				CODE_SIGN_STYLE = Automatic;
				INFOPLIST_FILE = TPWACTrialB/Info.plist;
				LD_RUNPATH_SEARCH_PATHS = (
					"$(inherited)",
					"@executable_path/Frameworks",
				);
				PRODUCT_BUNDLE_IDENTIFIER = com.trinitypawling.TPWACTrialB;
				PRODUCT_NAME = "$(TARGET_NAME)";
				SWIFT_VERSION = 5.0;
				TARGETED_DEVICE_FAMILY = "1,2";
			};
			name = Release;
		};
		ED57971C23F4AD2D00C4301D /* Debug */ = {
			isa = XCBuildConfiguration;
			buildSettings = {
				ALWAYS_EMBED_SWIFT_STANDARD_LIBRARIES = YES;
				BUNDLE_LOADER = "$(TEST_HOST)";
				CODE_SIGN_STYLE = Automatic;
				INFOPLIST_FILE = TPWACTrialBTests/Info.plist;
				IPHONEOS_DEPLOYMENT_TARGET = 13.2;
				LD_RUNPATH_SEARCH_PATHS = (
					"$(inherited)",
					"@executable_path/Frameworks",
					"@loader_path/Frameworks",
				);
				PRODUCT_BUNDLE_IDENTIFIER = com.trinitypawling.TPWACTrialBTests;
				PRODUCT_NAME = "$(TARGET_NAME)";
				SWIFT_VERSION = 5.0;
				TARGETED_DEVICE_FAMILY = "1,2";
				TEST_HOST = "$(BUILT_PRODUCTS_DIR)/TPWACTrialB.app/TPWACTrialB";
			};
			name = Debug;
		};
		ED57971D23F4AD2D00C4301D /* Release */ = {
			isa = XCBuildConfiguration;
			buildSettings = {
				ALWAYS_EMBED_SWIFT_STANDARD_LIBRARIES = YES;
				BUNDLE_LOADER = "$(TEST_HOST)";
				CODE_SIGN_STYLE = Automatic;
				INFOPLIST_FILE = TPWACTrialBTests/Info.plist;
				IPHONEOS_DEPLOYMENT_TARGET = 13.2;
				LD_RUNPATH_SEARCH_PATHS = (
					"$(inherited)",
					"@executable_path/Frameworks",
					"@loader_path/Frameworks",
				);
				PRODUCT_BUNDLE_IDENTIFIER = com.trinitypawling.TPWACTrialBTests;
				PRODUCT_NAME = "$(TARGET_NAME)";
				SWIFT_VERSION = 5.0;
				TARGETED_DEVICE_FAMILY = "1,2";
				TEST_HOST = "$(BUILT_PRODUCTS_DIR)/TPWACTrialB.app/TPWACTrialB";
			};
			name = Release;
		};
		ED57971F23F4AD2D00C4301D /* Debug */ = {
			isa = XCBuildConfiguration;
			buildSettings = {
				ALWAYS_EMBED_SWIFT_STANDARD_LIBRARIES = YES;
				CODE_SIGN_STYLE = Automatic;
				INFOPLIST_FILE = TPWACTrialBUITests/Info.plist;
				LD_RUNPATH_SEARCH_PATHS = (
					"$(inherited)",
					"@executable_path/Frameworks",
					"@loader_path/Frameworks",
				);
				PRODUCT_BUNDLE_IDENTIFIER = com.trinitypawling.TPWACTrialBUITests;
				PRODUCT_NAME = "$(TARGET_NAME)";
				SWIFT_VERSION = 5.0;
				TARGETED_DEVICE_FAMILY = "1,2";
				TEST_TARGET_NAME = TPWACTrialB;
			};
			name = Debug;
		};
		ED57972023F4AD2D00C4301D /* Release */ = {
			isa = XCBuildConfiguration;
			buildSettings = {
				ALWAYS_EMBED_SWIFT_STANDARD_LIBRARIES = YES;
				CODE_SIGN_STYLE = Automatic;
				INFOPLIST_FILE = TPWACTrialBUITests/Info.plist;
				LD_RUNPATH_SEARCH_PATHS = (
					"$(inherited)",
					"@executable_path/Frameworks",
					"@loader_path/Frameworks",
				);
				PRODUCT_BUNDLE_IDENTIFIER = com.trinitypawling.TPWACTrialBUITests;
				PRODUCT_NAME = "$(TARGET_NAME)";
				SWIFT_VERSION = 5.0;
				TARGETED_DEVICE_FAMILY = "1,2";
				TEST_TARGET_NAME = TPWACTrialB;
			};
			name = Release;
		};
/* End XCBuildConfiguration section */

/* Begin XCConfigurationList section */
		ED5796E923F4AD2B00C4301D /* Build configuration list for PBXProject "TPWACTrialB" */ = {
			isa = XCConfigurationList;
			buildConfigurations = (
				ED57971623F4AD2D00C4301D /* Debug */,
				ED57971723F4AD2D00C4301D /* Release */,
			);
			defaultConfigurationIsVisible = 0;
			defaultConfigurationName = Release;
		};
		ED57971823F4AD2D00C4301D /* Build configuration list for PBXNativeTarget "TPWACTrialB" */ = {
			isa = XCConfigurationList;
			buildConfigurations = (
				ED57971923F4AD2D00C4301D /* Debug */,
				ED57971A23F4AD2D00C4301D /* Release */,
			);
			defaultConfigurationIsVisible = 0;
			defaultConfigurationName = Release;
		};
		ED57971B23F4AD2D00C4301D /* Build configuration list for PBXNativeTarget "TPWACTrialBTests" */ = {
			isa = XCConfigurationList;
			buildConfigurations = (
				ED57971C23F4AD2D00C4301D /* Debug */,
				ED57971D23F4AD2D00C4301D /* Release */,
			);
			defaultConfigurationIsVisible = 0;
			defaultConfigurationName = Release;
		};
		ED57971E23F4AD2D00C4301D /* Build configuration list for PBXNativeTarget "TPWACTrialBUITests" */ = {
			isa = XCConfigurationList;
			buildConfigurations = (
				ED57971F23F4AD2D00C4301D /* Debug */,
				ED57972023F4AD2D00C4301D /* Release */,
			);
			defaultConfigurationIsVisible = 0;
			defaultConfigurationName = Release;
		};
/* End XCConfigurationList section */
	};
	rootObject = ED5796E623F4AD2B00C4301D /* Project object */;
}
